
Microsoft Visual Studio Solution File, Format Version 12.00
# Visual Studio Version 16
VisualStudioVersion = 16.0.29318.209
MinimumVisualStudioVersion = 10.0.40219.1
Project("{FAE04EC0-301F-11D3-BF4B-00C04F79EFBC}") = "NativeViewsExample.Android", "NativeViewsExample\NativeViewsExample.Android\NativeViewsExample.Android.csproj", "{75461EC9-EF52-4829-8549-E77B34BA826C}"
EndProject
Project("{FAE04EC0-301F-11D3-BF4B-00C04F79EFBC}") = "NativeViewsExample.iOS", "NativeViewsExample\NativeViewsExample.iOS\NativeViewsExample.iOS.csproj", "{D69DB952-5DDA-4C98-8B0D-D8AD5D7F8F83}"
EndProject
Project("{FAE04EC0-301F-11D3-BF4B-00C04F79EFBC}") = "NativeViewsExample", "NativeViewsExample\NativeViewsExample\NativeViewsExample.csproj", "{53E6C935-C170-4EA2-BAE3-2973AD28F20E}"
EndProject
Global
	GlobalSection(SolutionConfigurationPlatforms) = preSolution
		Debug|Any CPU = Debug|Any CPU
		Debug|iPhone = Debug|iPhone
		Debug|iPhoneSimulator = Debug|iPhoneSimulator
		Release|Any CPU = Release|Any CPU
		Release|iPhone = Release|iPhone
		Release|iPhoneSimulator = Release|iPhoneSimulator
	EndGlobalSection
	GlobalSection(ProjectConfigurationPlatforms) = postSolution
		{75461EC9-EF52-4829-8549-E77B34BA826C}.Debug|Any CPU.ActiveCfg = Debug|Any CPU
		{75461EC9-EF52-4829-8549-E77B34BA826C}.Debug|Any CPU.Build.0 = Debug|Any CPU
		{75461EC9-EF52-4829-8549-E77B34BA826C}.Debug|Any CPU.Deploy.0 = Debug|Any CPU
		{75461EC9-EF52-4829-8549-E77B34BA826C}.Debug|iPhone.ActiveCfg = Debug|Any CPU
		{75461EC9-EF52-4829-8549-E77B34BA826C}.Debug|iPhone.Build.0 = Debug|Any CPU
		{75461EC9-EF52-4829-8549-E77B34BA826C}.Debug|iPhone.Deploy.0 = Debug|Any CPU
		{75461EC9-EF52-4829-8549-E77B34BA826C}.Debug|iPhoneSimulator.ActiveCfg = Debug|Any CPU
		{75461EC9-EF52-4829-8549-E77B34BA826C}.Debug|iPhoneSimulator.Build.0 = Debug|Any CPU
		{75461EC9-EF52-4829-8549-E77B34BA826C}.Debug|iPhoneSimulator.Deploy.0 = Debug|Any CPU
		{75461EC9-EF52-4829-8549-E77B34BA826C}.Release|Any CPU.ActiveCfg = Release|Any CPU
		{75461EC9-EF52-4829-8549-E77B34BA826C}.Release|Any CPU.Build.0 = Release|Any CPU
		{75461EC9-EF52-4829-8549-E77B34BA826C}.Release|Any CPU.Deploy.0 = Release|Any CPU
		{75461EC9-EF52-4829-8549-E77B34BA826C}.Release|iPhone.ActiveCfg = Release|Any CPU
		{75461EC9-EF52-4829-8549-E77B34BA826C}.Release|iPhone.Build.0 = Release|Any CPU
		{75461EC9-EF52-4829-8549-E77B34BA826C}.Release|iPhone.Deploy.0 = Release|Any CPU
		{75461EC9-EF52-4829-8549-E77B34BA826C}.Release|iPhoneSimulator.ActiveCfg = Release|Any CPU
		{75461EC9-EF52-4829-8549-E77B34BA826C}.Release|iPhoneSimulator.Build.0 = Release|Any CPU
		{75461EC9-EF52-4829-8549-E77B34BA826C}.Release|iPhoneSimulator.Deploy.0 = Release|Any CPU
		{D69DB952-5DDA-4C98-8B0D-D8AD5D7F8F83}.Debug|Any CPU.ActiveCfg = Debug|iPhoneSimulator
		{D69DB952-5DDA-4C98-8B0D-D8AD5D7F8F83}.Debug|Any CPU.Build.0 = Debug|iPhoneSimulator
		{D69DB952-5DDA-4C98-8B0D-D8AD5D7F8F83}.Debug|Any CPU.Deploy.0 = Debug|iPhoneSimulator
		{D69DB952-5DDA-4C98-8B0D-D8AD5D7F8F83}.Debug|iPhone.ActiveCfg = Debug|iPhone
		{D69DB952-5DDA-4C98-8B0D-D8AD5D7F8F83}.Debug|iPhone.Build.0 = Debug|iPhone
		{D69DB952-5DDA-4C98-8B0D-D8AD5D7F8F83}.Debug|iPhone.Deploy.0 = Debug|iPhone
		{D69DB952-5DDA-4C98-8B0D-D8AD5D7F8F83}.Debug|iPhoneSimulator.ActiveCfg = Debug|iPhoneSimulator
		{D69DB952-5DDA-4C98-8B0D-D8AD5D7F8F83}.Debug|iPhoneSimulator.Build.0 = Debug|iPhoneSimulator
		{D69DB952-5DDA-4C98-8B0D-D8AD5D7F8F83}.Debug|iPhoneSimulator.Deploy.0 = Debug|iPhoneSimulator
		{D69DB952-5DDA-4C98-8B0D-D8AD5D7F8F83}.Release|Any CPU.ActiveCfg = Release|iPhone
		{D69DB952-5DDA-4C98-8B0D-D8AD5D7F8F83}.Release|Any CPU.Build.0 = Release|iPhone
		{D69DB952-5DDA-4C98-8B0D-D8AD5D7F8F83}.Release|Any CPU.Deploy.0 = Release|iPhone
		{D69DB952-5DDA-4C98-8B0D-D8AD5D7F8F83}.Release|iPhone.ActiveCfg = Release|iPhone
		{D69DB952-5DDA-4C98-8B0D-D8AD5D7F8F83}.Release|iPhone.Build.0 = Release|iPhone
		{D69DB952-5DDA-4C98-8B0D-D8AD5D7F8F83}.Release|iPhone.Deploy.0 = Release|iPhone
		{D69DB952-5DDA-4C98-8B0D-D8AD5D7F8F83}.Release|iPhoneSimulator.ActiveCfg = Release|iPhoneSimulator
		{D69DB952-5DDA-4C98-8B0D-D8AD5D7F8F83}.Release|iPhoneSimulator.Build.0 = Release|iPhoneSimulator
		{D69DB952-5DDA-4C98-8B0D-D8AD5D7F8F83}.Release|iPhoneSimulator.Deploy.0 = Release|iPhoneSimulator
		{53E6C935-C170-4EA2-BAE3-2973AD28F20E}.Debug|Any CPU.ActiveCfg = Debug|Any CPU
		{53E6C935-C170-4EA2-BAE3-2973AD28F20E}.Debug|Any CPU.Build.0 = Debug|Any CPU
		{53E6C935-C170-4EA2-BAE3-2973AD28F20E}.Debug|Any CPU.Deploy.0 = Debug|Any CPU
		{53E6C935-C170-4EA2-BAE3-2973AD28F20E}.Debug|iPhone.ActiveCfg = Debug|Any CPU
		{53E6C935-C170-4EA2-BAE3-2973AD28F20E}.Debug|iPhone.Build.0 = Debug|Any CPU
		{53E6C935-C170-4EA2-BAE3-2973AD28F20E}.Debug|iPhone.Deploy.0 = Debug|Any CPU
		{53E6C935-C170-4EA2-BAE3-2973AD28F20E}.Debug|iPhoneSimulator.ActiveCfg = Debug|Any CPU
		{53E6C935-C170-4EA2-BAE3-2973AD28F20E}.Debug|iPhoneSimulator.Build.0 = Debug|Any CPU
		{53E6C935-C170-4EA2-BAE3-2973AD28F20E}.Debug|iPhoneSimulator.Deploy.0 = Debug|Any CPU
		{53E6C935-C170-4EA2-BAE3-2973AD28F20E}.Release|Any CPU.ActiveCfg = Release|Any CPU
		{53E6C935-C170-4EA2-BAE3-2973AD28F20E}.Release|Any CPU.Build.0 = Release|Any CPU
		{53E6C935-C170-4EA2-BAE3-2973AD28F20E}.Release|Any CPU.Deploy.0 = Release|Any CPU
		{53E6C935-C170-4EA2-BAE3-2973AD28F20E}.Release|iPhone.ActiveCfg = Release|Any CPU
		{53E6C935-C170-4EA2-BAE3-2973AD28F20E}.Release|iPhone.Build.0 = Release|Any CPU
		{53E6C935-C170-4EA2-BAE3-2973AD28F20E}.Release|iPhone.Deploy.0 = Release|Any CPU
		{53E6C935-C170-4EA2-BAE3-2973AD28F20E}.Release|iPhoneSimulator.ActiveCfg = Release|Any CPU
		{53E6C935-C170-4EA2-BAE3-2973AD28F20E}.Release|iPhoneSimulator.Build.0 = Release|Any CPU
		{53E6C935-C170-4EA2-BAE3-2973AD28F20E}.Release|iPhoneSimulator.Deploy.0 = Release|Any CPU
	EndGlobalSection
	GlobalSection(SolutionProperties) = preSolution
		HideSolutionNode = FALSE
	EndGlobalSection
	GlobalSection(ExtensibilityGlobals) = postSolution
		SolutionGuid = {7A212477-FA8A-4200-800C-CF9D0DD9ED3A}
	EndGlobalSection
EndGlobal
